
Microsoft Visual Studio Solution File, Format Version 12.00
# Visual Studio 15
VisualStudioVersion = 15.0.27703.2042
MinimumVisualStudioVersion = 10.0.40219.1
Project("{FAE04EC0-301F-11D3-BF4B-00C04F79EFBC}") = "Countries.Console", "Countries.Console\Countries.Console.csproj", "{1B461BD3-BAF7-4776-8DC1-30C483C9C634}"
EndProject
Project("{FAE04EC0-301F-11D3-BF4B-00C04F79EFBC}") = "Countries.Models", "Countries.Models\Countries.Models.csproj", "{5110274F-84DE-4E88-9E8A-156AA2E458B4}"
EndProject
Project("{FAE04EC0-301F-11D3-BF4B-00C04F79EFBC}") = "Countries.TableDataService.cs", "Countries.TableDataService.cs\Countries.TableDataService.cs.csproj", "{869A7CB7-EF1D-4995-8DC7-87EC2C345F08}"
EndProject
Global
	GlobalSection(SolutionConfigurationPlatforms) = preSolution
		Debug|Any CPU = Debug|Any CPU
		Release|Any CPU = Release|Any CPU
	EndGlobalSection
	GlobalSection(ProjectConfigurationPlatforms) = postSolution
		{1B461BD3-BAF7-4776-8DC1-30C483C9C634}.Debug|Any CPU.ActiveCfg = Debug|Any CPU
		{1B461BD3-BAF7-4776-8DC1-30C483C9C634}.Debug|Any CPU.Build.0 = Debug|Any CPU
		{1B461BD3-BAF7-4776-8DC1-30C483C9C634}.Release|Any CPU.ActiveCfg = Release|Any CPU
		{1B461BD3-BAF7-4776-8DC1-30C483C9C634}.Release|Any CPU.Build.0 = Release|Any CPU
		{5110274F-84DE-4E88-9E8A-156AA2E458B4}.Debug|Any CPU.ActiveCfg = Debug|Any CPU
		{5110274F-84DE-4E88-9E8A-156AA2E458B4}.Debug|Any CPU.Build.0 = Debug|Any CPU
		{5110274F-84DE-4E88-9E8A-156AA2E458B4}.Release|Any CPU.ActiveCfg = Release|Any CPU
		{5110274F-84DE-4E88-9E8A-156AA2E458B4}.Release|Any CPU.Build.0 = Release|Any CPU
		{869A7CB7-EF1D-4995-8DC7-87EC2C345F08}.Debug|Any CPU.ActiveCfg = Debug|Any CPU
		{869A7CB7-EF1D-4995-8DC7-87EC2C345F08}.Debug|Any CPU.Build.0 = Debug|Any CPU
		{869A7CB7-EF1D-4995-8DC7-87EC2C345F08}.Release|Any CPU.ActiveCfg = Release|Any CPU
		{869A7CB7-EF1D-4995-8DC7-87EC2C345F08}.Release|Any CPU.Build.0 = Release|Any CPU
	EndGlobalSection
	GlobalSection(SolutionProperties) = preSolution
		HideSolutionNode = FALSE
	EndGlobalSection
	GlobalSection(ExtensibilityGlobals) = postSolution
		SolutionGuid = {A3F1DCD3-9AC9-46D3-8904-F38C7E0F60BD}
	EndGlobalSection
EndGlobal
